
Microsoft Visual Studio Solution File, Format Version 12.00
# Visual Studio Version 17
VisualStudioVersion = 17.13.35919.96 d17.13
MinimumVisualStudioVersion = 10.0.40219.1
Project("{8BC9CEB8-8B4A-11D0-8D11-00A0C91BC942}") = "Project1", "Project1.vcxproj", "{4BE5BDBA-EE7A-7E76-2031-5D7A32151460}"
EndProject
Global
	GlobalSection(SolutionConfigurationPlatforms) = preSolution
		Debug|x64 = Debug|x64
		Debug|x86 = Debug|x86
		Release|x64 = Release|x64
		Release|x86 = Release|x86
	EndGlobalSection
	GlobalSection(ProjectConfigurationPlatforms) = postSolution
		{4BE5BDBA-EE7A-7E76-2031-5D7A32151460}.Debug|x64.ActiveCfg = Debug|x64
		{4BE5BDBA-EE7A-7E76-2031-5D7A32151460}.Debug|x64.Build.0 = Debug|x64
		{4BE5BDBA-EE7A-7E76-2031-5D7A32151460}.Debug|x86.ActiveCfg = Debug|Win32
		{4BE5BDBA-EE7A-7E76-2031-5D7A32151460}.Debug|x86.Build.0 = Debug|Win32
		{4BE5BDBA-EE7A-7E76-2031-5D7A32151460}.Release|x64.ActiveCfg = Release|x64
		{4BE5BDBA-EE7A-7E76-2031-5D7A32151460}.Release|x64.Build.0 = Release|x64
		{4BE5BDBA-EE7A-7E76-2031-5D7A32151460}.Release|x86.ActiveCfg = Release|Win32
		{4BE5BDBA-EE7A-7E76-2031-5D7A32151460}.Release|x86.Build.0 = Release|Win32
	EndGlobalSection
	GlobalSection(SolutionProperties) = preSolution
		HideSolutionNode = FALSE
	EndGlobalSection
	GlobalSection(ExtensibilityGlobals) = postSolution
		SolutionGuid = {3ED6F95E-A0C2-4CC8-AE36-6D6F21C0385A}
	EndGlobalSection
EndGlobal
